
Microsoft Visual Studio Solution File, Format Version 12.00
# Visual Studio Version 17
VisualStudioVersion = 17.3.32819.101
MinimumVisualStudioVersion = 10.0.40219.1
Project("{FAE04EC0-301F-11D3-BF4B-00C04F79EFBC}") = "dotnet-react", "dotnet-react\dotnet-react.csproj", "{3C815FB0-034D-4337-A2CE-051B8DF3DC3C}"
EndProject
Global
	GlobalSection(SolutionConfigurationPlatforms) = preSolution
		Debug|Any CPU = Debug|Any CPU
		Release|Any CPU = Release|Any CPU
	EndGlobalSection
	GlobalSection(ProjectConfigurationPlatforms) = postSolution
		{3C815FB0-034D-4337-A2CE-051B8DF3DC3C}.Debug|Any CPU.ActiveCfg = Debug|Any CPU
		{3C815FB0-034D-4337-A2CE-051B8DF3DC3C}.Debug|Any CPU.Build.0 = Debug|Any CPU
		{3C815FB0-034D-4337-A2CE-051B8DF3DC3C}.Release|Any CPU.ActiveCfg = Release|Any CPU
		{3C815FB0-034D-4337-A2CE-051B8DF3DC3C}.Release|Any CPU.Build.0 = Release|Any CPU
	EndGlobalSection
	GlobalSection(SolutionProperties) = preSolution
		HideSolutionNode = FALSE
	EndGlobalSection
	GlobalSection(ExtensibilityGlobals) = postSolution
		SolutionGuid = {029B236D-EC3B-470F-9E57-06F40541F4A8}
	EndGlobalSection
EndGlobal
